
Microsoft Visual Studio Solution File, Format Version 12.00
# Visual Studio Version 17
VisualStudioVersion = 17.4.33213.308
MinimumVisualStudioVersion = 10.0.40219.1
Project("{9A19103F-16F7-4668-BE54-9A1E7A4F7556}") = "StudList", "StudList\StudList.csproj", "{E79CE34D-32A1-41C7-A46E-4C68BC4EAD70}"
EndProject
Project("{FAE04EC0-301F-11D3-BF4B-00C04F79EFBC}") = "TestStudentList", "TestStudentList\TestStudentList.csproj", "{0C6E764F-629F-4A03-BA43-ECB9C107BF0F}"
EndProject
Global
	GlobalSection(SolutionConfigurationPlatforms) = preSolution
		Debug|Any CPU = Debug|Any CPU
		Release|Any CPU = Release|Any CPU
	EndGlobalSection
	GlobalSection(ProjectConfigurationPlatforms) = postSolution
		{E79CE34D-32A1-41C7-A46E-4C68BC4EAD70}.Debug|Any CPU.ActiveCfg = Debug|Any CPU
		{E79CE34D-32A1-41C7-A46E-4C68BC4EAD70}.Debug|Any CPU.Build.0 = Debug|Any CPU
		{E79CE34D-32A1-41C7-A46E-4C68BC4EAD70}.Release|Any CPU.ActiveCfg = Release|Any CPU
		{E79CE34D-32A1-41C7-A46E-4C68BC4EAD70}.Release|Any CPU.Build.0 = Release|Any CPU
		{0C6E764F-629F-4A03-BA43-ECB9C107BF0F}.Debug|Any CPU.ActiveCfg = Debug|Any CPU
		{0C6E764F-629F-4A03-BA43-ECB9C107BF0F}.Debug|Any CPU.Build.0 = Debug|Any CPU
		{0C6E764F-629F-4A03-BA43-ECB9C107BF0F}.Release|Any CPU.ActiveCfg = Release|Any CPU
		{0C6E764F-629F-4A03-BA43-ECB9C107BF0F}.Release|Any CPU.Build.0 = Release|Any CPU
	EndGlobalSection
	GlobalSection(SolutionProperties) = preSolution
		HideSolutionNode = FALSE
	EndGlobalSection
	GlobalSection(ExtensibilityGlobals) = postSolution
		SolutionGuid = {2F369008-63CB-4C59-BA08-03DE7A05BABA}
	EndGlobalSection
EndGlobal
